{
  "name": "ammap-city-demo",
  "version": "1.0.0",
  "lockfileVersion": 1,
  "requires": true,
  "dependencies": {
    "@amcharts/amcharts4-geodata": {
      "version": "4.1.19",
      "resolved": "https://registry.npmjs.org/@amcharts/amcharts4-geodata/-/amcharts4-geodata-4.1.19.tgz",
      "integrity": "sha512-y100J6mp8H95qfHPPmeAat8oC+VXJrpt+rnwOt554sEW6cFCWY6BKgPKL2dVlVbnz0U3dqNsyENOqXmp3Pu7vg=="
    }
  }
}
